<?xml version="1.0" encoding="utf-8"?>
<Project ToolsVersion="4.0" xmlns="http://schemas.microsoft.com/developer/msbuild/2003">
  <ItemGroup>
    <Filter Include="소스 파일">
      <UniqueIdentifier>{4FC737F1-C7A5-4376-A066-2A32D752A2FF}</UniqueIdentifier>
      <Extensions>cpp;c;cc;cxx;c++;cppm;ixx;def;odl;idl;hpj;bat;asm;asmx</Extensions>
    </Filter>
    <Filter Include="헤더 파일">
      <UniqueIdentifier>{93995380-89BD-4b04-88EB-625FBE52EBFB}</UniqueIdentifier>
      <Extensions>h;hh;hpp;hxx;h++;hm;inl;inc;ipp;xsd</Extensions>
    </Filter>
    <Filter Include="리소스 파일">
      <UniqueIdentifier>{67DA6AB6-F800-4c08-8B7A-83BB121AAD01}</UniqueIdentifier>
      <Extensions>rc;ico;cur;bmp;dlg;rc2;rct;bin;rgs;gif;jpg;jpeg;jpe;resx;tiff;tif;png;wav;mfcribbon-ms</Extensions>
    </Filter>
    <Filter Include="소스 파일\astar">
      <UniqueIdentifier>{86e0aa9c-6fea-49fe-bc96-624d6decb1cb}</UniqueIdentifier>
    </Filter>
    <Filter Include="소스 파일\bfsdfs">
      <UniqueIdentifier>{ce3978e1-2558-45a9-a9bb-4e672c481a24}</UniqueIdentifier>
    </Filter>
    <Filter Include="소스 파일\other">
      <UniqueIdentifier>{5e7aa242-9e16-4d94-a380-7b9bd54e5ac7}</UniqueIdentifier>
    </Filter>
    <Filter Include="소스 파일\queue">
      <UniqueIdentifier>{b419be71-4154-4e52-be63-20f26c4191e9}</UniqueIdentifier>
    </Filter>
    <Filter Include="소스 파일\string">
      <UniqueIdentifier>{3fc3319b-6fbd-4c23-b08a-c35a44af8953}</UniqueIdentifier>
    </Filter>
    <Filter Include="소스 파일\greedy">
      <UniqueIdentifier>{8bd3c162-0bc2-4ee7-84ee-ec9e9c1e05ca}</UniqueIdentifier>
    </Filter>
    <Filter Include="소스 파일\recursion">
      <UniqueIdentifier>{f36dc667-2a02-42b2-b3df-8fb1600a10b1}</UniqueIdentifier>
    </Filter>
    <Filter Include="소스 파일\basic">
      <UniqueIdentifier>{c929e51e-6bb6-4872-b404-44d6195c223d}</UniqueIdentifier>
    </Filter>
    <Filter Include="소스 파일\arr">
      <UniqueIdentifier>{94d4201f-1c17-4aaa-9192-dd40d022b570}</UniqueIdentifier>
    </Filter>
    <Filter Include="소스 파일\ll">
      <UniqueIdentifier>{ae2ddd77-0a9e-4658-93ac-b164e8979f64}</UniqueIdentifier>
    </Filter>
    <Filter Include="소스 파일\stack">
      <UniqueIdentifier>{f7eda18a-c7a4-4df8-a306-2e83dc882774}</UniqueIdentifier>
    </Filter>
    <Filter Include="소스 파일\deque">
      <UniqueIdentifier>{b4cdce7b-be5a-4798-b730-7114e52c6f28}</UniqueIdentifier>
    </Filter>
    <Filter Include="소스 파일\stack2">
      <UniqueIdentifier>{83ac5855-e770-4e76-965d-ed3d442922e0}</UniqueIdentifier>
    </Filter>
    <Filter Include="소스 파일\class3">
      <UniqueIdentifier>{c455f4c6-d2cf-416a-9b9f-a1b2a09b26da}</UniqueIdentifier>
    </Filter>
    <Filter Include="소스 파일\bfs">
      <UniqueIdentifier>{c0c49755-308d-492c-9ff7-f6486dff5fa9}</UniqueIdentifier>
    </Filter>
    <Filter Include="소스 파일\programmers">
      <UniqueIdentifier>{76a174ce-55d5-4990-8486-81943c2fa11b}</UniqueIdentifier>
    </Filter>
    <Filter Include="소스 파일\backtracking">
      <UniqueIdentifier>{ab80d203-9c26-4289-a47c-6dfc482ee966}</UniqueIdentifier>
    </Filter>
  </ItemGroup>
  <ItemGroup>
    <ClCompile Include="A_star\Astar.cpp">
      <Filter>소스 파일\astar</Filter>
    </ClCompile>
    <ClCompile Include="BFS_DFS\BFS.cpp">
      <Filter>소스 파일\bfsdfs</Filter>
    </ClCompile>
    <ClCompile Include="BFS_DFS\DFS.cpp">
      <Filter>소스 파일\bfsdfs</Filter>
    </ClCompile>
    <ClCompile Include="BFS_DFS\BFS2.cpp">
      <Filter>소스 파일\bfsdfs</Filter>
    </ClCompile>
    <ClCompile Include="BFS_DFS\baek1926.cpp">
      <Filter>소스 파일\bfsdfs</Filter>
    </ClCompile>
    <ClCompile Include="BFS_DFS\baek2178.cpp">
      <Filter>소스 파일\bfsdfs</Filter>
    </ClCompile>
    <ClCompile Include="BFS_DFS\baek7576.cpp">
      <Filter>소스 파일\bfsdfs</Filter>
    </ClCompile>
    <ClCompile Include="BFS_DFS\baek4179.cpp">
      <Filter>소스 파일\bfsdfs</Filter>
    </ClCompile>
    <ClCompile Include="BFS_DFS\baek1697.cpp">
      <Filter>소스 파일\bfsdfs</Filter>
    </ClCompile>
    <ClCompile Include="BFS_DFS\exercise.cpp">
      <Filter>소스 파일\bfsdfs</Filter>
    </ClCompile>
    <ClCompile Include="BFS_DFS\baek1012.cpp">
      <Filter>소스 파일\bfsdfs</Filter>
    </ClCompile>
    <ClCompile Include="other\baek1157.cpp">
      <Filter>소스 파일\other</Filter>
    </ClCompile>
    <ClCompile Include="BFS_DFS\baek7562.cpp">
      <Filter>소스 파일\bfsdfs</Filter>
    </ClCompile>
    <ClCompile Include="BFS_DFS\baek10026.cpp">
      <Filter>소스 파일\bfsdfs</Filter>
    </ClCompile>
    <ClCompile Include="BFS_DFS\baek5427.cpp">
      <Filter>소스 파일\bfsdfs</Filter>
    </ClCompile>
    <ClCompile Include="Queue\baek18258.cpp">
      <Filter>소스 파일\queue</Filter>
    </ClCompile>
    <ClCompile Include="BFS_DFS\programmers_bfs_network.cpp">
      <Filter>소스 파일\bfsdfs</Filter>
    </ClCompile>
    <ClCompile Include="other\programmers_collatz.cpp">
      <Filter>소스 파일\other</Filter>
    </ClCompile>
    <ClCompile Include="other\programmers_integer_sort.cpp">
      <Filter>소스 파일\other</Filter>
    </ClCompile>
    <ClCompile Include="other\programmers_Kim.cpp">
      <Filter>소스 파일\other</Filter>
    </ClCompile>
    <ClCompile Include="other\programmers_hidePhone.cpp">
      <Filter>소스 파일\other</Filter>
    </ClCompile>
    <ClCompile Include="other\programmers_downstream_string.cpp">
      <Filter>소스 파일\other</Filter>
    </ClCompile>
    <ClCompile Include="string\programmers_basic_string.cpp">
      <Filter>소스 파일\string</Filter>
    </ClCompile>
    <ClCompile Include="other\programmers_matrix_sum.cpp">
      <Filter>소스 파일\other</Filter>
    </ClCompile>
    <ClCompile Include="string\programmers_JadenCase.cpp">
      <Filter>소스 파일\string</Filter>
    </ClCompile>
    <ClCompile Include="other\programmers_gcd_.cpp">
      <Filter>소스 파일\other</Filter>
    </ClCompile>
    <ClCompile Include="other\programmers_repeat_binary.cpp">
      <Filter>소스 파일\other</Filter>
    </ClCompile>
    <ClCompile Include="other\programmers_represent_num.cpp">
      <Filter>소스 파일\other</Filter>
    </ClCompile>
    <ClCompile Include="string\programmers_pair_removal.cpp">
      <Filter>소스 파일\string</Filter>
    </ClCompile>
    <ClCompile Include="other\programmers_english_Shiritori.cpp">
      <Filter>소스 파일\other</Filter>
    </ClCompile>
    <ClCompile Include="recursion\recursion.cpp">
      <Filter>소스 파일\recursion</Filter>
    </ClCompile>
    <ClCompile Include="recursion\baek1629.cpp">
      <Filter>소스 파일\recursion</Filter>
    </ClCompile>
    <ClCompile Include="recursion\baek11729.cpp">
      <Filter>소스 파일\recursion</Filter>
    </ClCompile>
    <ClCompile Include="recursion\baek1074.cpp">
      <Filter>소스 파일\recursion</Filter>
    </ClCompile>
    <ClCompile Include="recursion\baek17478.cpp">
      <Filter>소스 파일\recursion</Filter>
    </ClCompile>
    <ClCompile Include="recursion\baek1780.cpp">
      <Filter>소스 파일\recursion</Filter>
    </ClCompile>
    <ClCompile Include="Basic\baek2576.cpp">
      <Filter>소스 파일\basic</Filter>
    </ClCompile>
    <ClCompile Include="Basic\baek2587.cpp">
      <Filter>소스 파일\basic</Filter>
    </ClCompile>
    <ClCompile Include="Basic\baek2309.cpp">
      <Filter>소스 파일\basic</Filter>
    </ClCompile>
    <ClCompile Include="Basic\baek10093.cpp">
      <Filter>소스 파일\basic</Filter>
    </ClCompile>
    <ClCompile Include="Basic\baek1267.cpp">
      <Filter>소스 파일\basic</Filter>
    </ClCompile>
    <ClCompile Include="Basic\baek10804.cpp">
      <Filter>소스 파일\basic</Filter>
    </ClCompile>
    <ClCompile Include="Basic\baek2440.cpp">
      <Filter>소스 파일\basic</Filter>
    </ClCompile>
    <ClCompile Include="Basic\baek2441.cpp">
      <Filter>소스 파일\basic</Filter>
    </ClCompile>
    <ClCompile Include="Basic\baek2442.cpp">
      <Filter>소스 파일\basic</Filter>
    </ClCompile>
    <ClCompile Include="Basic\baek2443.cpp">
      <Filter>소스 파일\basic</Filter>
    </ClCompile>
    <ClCompile Include="Basic\baek2444.cpp">
      <Filter>소스 파일\basic</Filter>
    </ClCompile>
    <ClCompile Include="Basic\baek2445.cpp">
      <Filter>소스 파일\basic</Filter>
    </ClCompile>
    <ClCompile Include="Basic\baek2446.cpp">
      <Filter>소스 파일\basic</Filter>
    </ClCompile>
    <ClCompile Include="Array\baek10808.cpp">
      <Filter>소스 파일\arr</Filter>
    </ClCompile>
    <ClCompile Include="Array\baek1475.cpp">
      <Filter>소스 파일\arr</Filter>
    </ClCompile>
    <ClCompile Include="Array\baek2577.cpp">
      <Filter>소스 파일\arr</Filter>
    </ClCompile>
    <ClCompile Include="Array\baek3273.cpp">
      <Filter>소스 파일\arr</Filter>
    </ClCompile>
    <ClCompile Include="Array\baek10807.cpp">
      <Filter>소스 파일\arr</Filter>
    </ClCompile>
    <ClCompile Include="Array\baek11328.cpp">
      <Filter>소스 파일\arr</Filter>
    </ClCompile>
    <ClCompile Include="Array\baek13300.cpp">
      <Filter>소스 파일\arr</Filter>
    </ClCompile>
    <ClCompile Include="Array\baek1919.cpp">
      <Filter>소스 파일\arr</Filter>
    </ClCompile>
    <ClCompile Include="LinkedList\baek1158.cpp">
      <Filter>소스 파일\ll</Filter>
    </ClCompile>
    <ClCompile Include="LinkedList\baek1406.cpp">
      <Filter>소스 파일\ll</Filter>
    </ClCompile>
    <ClCompile Include="LinkedList\baek5397.cpp">
      <Filter>소스 파일\ll</Filter>
    </ClCompile>
    <ClCompile Include="Stack\baek1874.cpp">
      <Filter>소스 파일\stack</Filter>
    </ClCompile>
    <ClCompile Include="Stack\baek2493.cpp">
      <Filter>소스 파일\stack</Filter>
    </ClCompile>
    <ClCompile Include="Stack\baek6198.cpp">
      <Filter>소스 파일\stack</Filter>
    </ClCompile>
    <ClCompile Include="Stack\baek10773.cpp">
      <Filter>소스 파일\stack</Filter>
    </ClCompile>
    <ClCompile Include="Stack\baek10828.cpp">
      <Filter>소스 파일\stack</Filter>
    </ClCompile>
    <ClCompile Include="Basic\baek15552.cpp">
      <Filter>소스 파일\basic</Filter>
    </ClCompile>
    <ClCompile Include="Deque\baek1021.cpp">
      <Filter>소스 파일\deque</Filter>
    </ClCompile>
    <ClCompile Include="Deque\baek5430.cpp">
      <Filter>소스 파일\deque</Filter>
    </ClCompile>
    <ClCompile Include="Deque\baek10866.cpp">
      <Filter>소스 파일\deque</Filter>
    </ClCompile>
    <ClCompile Include="Queue\baek2164.cpp">
      <Filter>소스 파일\queue</Filter>
    </ClCompile>
    <ClCompile Include="Stack2\baek2504.cpp">
      <Filter>소스 파일\stack2</Filter>
    </ClCompile>
    <ClCompile Include="Stack2\baek3986.cpp">
      <Filter>소스 파일\stack2</Filter>
    </ClCompile>
    <ClCompile Include="Stack2\baek4949.cpp">
      <Filter>소스 파일\stack2</Filter>
    </ClCompile>
    <ClCompile Include="Stack2\baek9012.cpp">
      <Filter>소스 파일\stack2</Filter>
    </ClCompile>
    <ClCompile Include="Stack2\baek10799.cpp">
      <Filter>소스 파일\stack2</Filter>
    </ClCompile>
    <ClCompile Include="bojClass3\baek1003.cpp">
      <Filter>소스 파일\class3</Filter>
    </ClCompile>
    <ClCompile Include="bojClass3\baek1107.cpp">
      <Filter>소스 파일\class3</Filter>
    </ClCompile>
    <ClCompile Include="bojClass3\baek1463.cpp">
      <Filter>소스 파일\class3</Filter>
    </ClCompile>
    <ClCompile Include="BFS\baek2583.cpp">
      <Filter>소스 파일\bfs</Filter>
    </ClCompile>
    <ClCompile Include="BFS\baek2667.cpp">
      <Filter>소스 파일\bfs</Filter>
    </ClCompile>
    <ClCompile Include="bojClass3\baek1620.cpp">
      <Filter>소스 파일\class3</Filter>
    </ClCompile>
    <ClCompile Include="BFS\baek2468.cpp">
      <Filter>소스 파일\bfs</Filter>
    </ClCompile>
    <ClCompile Include="BFS\baek5014.cpp">
      <Filter>소스 파일\bfs</Filter>
    </ClCompile>
    <ClCompile Include="BFS\baek1697_2.cpp">
      <Filter>소스 파일\bfs</Filter>
    </ClCompile>
    <ClCompile Include="BFS\baek6593.cpp">
      <Filter>소스 파일\bfs</Filter>
    </ClCompile>
    <ClCompile Include="BFS\baek7569.cpp">
      <Filter>소스 파일\bfs</Filter>
    </ClCompile>
    <ClCompile Include="BFS\baek2146.cpp">
      <Filter>소스 파일\bfs</Filter>
    </ClCompile>
    <ClCompile Include="BFS\baek13549.cpp">
      <Filter>소스 파일\bfs</Filter>
    </ClCompile>
    <ClCompile Include="Programmers\programmers_Functional development.cpp">
      <Filter>소스 파일\programmers</Filter>
    </ClCompile>
    <ClCompile Include="bojClass3\baek1764.cpp">
      <Filter>소스 파일\class3</Filter>
    </ClCompile>
    <ClCompile Include="bojClass3\baek1931.cpp">
      <Filter>소스 파일\class3</Filter>
    </ClCompile>
    <ClCompile Include="bojClass3\baek18870.cpp">
      <Filter>소스 파일\class3</Filter>
    </ClCompile>
    <ClCompile Include="bojClass3\baek11047.cpp">
      <Filter>소스 파일\class3</Filter>
    </ClCompile>
    <ClCompile Include="bojClass3\baek1927.cpp">
      <Filter>소스 파일\class3</Filter>
    </ClCompile>
    <ClCompile Include="bojClass3\baek14940.cpp">
      <Filter>소스 파일\class3</Filter>
    </ClCompile>
    <ClCompile Include="bojClass3\baek1541.cpp">
      <Filter>소스 파일\class3</Filter>
    </ClCompile>
    <ClCompile Include="BackTracking\BackTracking.cpp">
      <Filter>소스 파일\backtracking</Filter>
    </ClCompile>
    <ClCompile Include="BackTracking\baek15649.cpp">
      <Filter>소스 파일\backtracking</Filter>
    </ClCompile>
    <ClCompile Include="BackTracking\baek9663.cpp">
      <Filter>소스 파일\backtracking</Filter>
    </ClCompile>
    <ClCompile Include="BackTracking\baek1182.cpp">
      <Filter>소스 파일\backtracking</Filter>
    </ClCompile>
    <ClCompile Include="BackTracking\baek15650.cpp">
      <Filter>소스 파일\backtracking</Filter>
    </ClCompile>
    <ClCompile Include="BackTracking\baek15651.cpp">
      <Filter>소스 파일\backtracking</Filter>
    </ClCompile>
    <ClCompile Include="BackTracking\baek15652.cpp">
      <Filter>소스 파일\backtracking</Filter>
    </ClCompile>
    <ClCompile Include="BackTracking\baek15654.cpp">
      <Filter>소스 파일\backtracking</Filter>
    </ClCompile>
    <ClCompile Include="BackTracking\baek15655.cpp">
      <Filter>소스 파일\backtracking</Filter>
    </ClCompile>
    <ClCompile Include="BackTracking\baek15656.cpp">
      <Filter>소스 파일\backtracking</Filter>
    </ClCompile>
    <ClCompile Include="BackTracking\baek15657.cpp">
      <Filter>소스 파일\backtracking</Filter>
    </ClCompile>
    <ClCompile Include="BackTracking\baek15663.cpp">
      <Filter>소스 파일\backtracking</Filter>
    </ClCompile>
    <ClCompile Include="BackTracking\baek15664.cpp">
      <Filter>소스 파일\backtracking</Filter>
    </ClCompile>
    <ClCompile Include="BackTracking\baek15665.cpp">
      <Filter>소스 파일\backtracking</Filter>
    </ClCompile>
    <ClCompile Include="BackTracking\baek15666.cpp">
      <Filter>소스 파일\backtracking</Filter>
    </ClCompile>
    <ClCompile Include="BackTracking\baek6603.cpp">
      <Filter>소스 파일\backtracking</Filter>
    </ClCompile>
    <ClCompile Include="BackTracking\baek1759.cpp">
      <Filter>소스 파일\backtracking</Filter>
    </ClCompile>
  </ItemGroup>
</Project>