<?xml version="1.0" encoding="utf-8"?>
<Project ToolsVersion="4.0" xmlns="http://schemas.microsoft.com/developer/msbuild/2003">
  <ItemGroup>
    <Filter Include="소스 파일">
      <UniqueIdentifier>{4FC737F1-C7A5-4376-A066-2A32D752A2FF}</UniqueIdentifier>
      <Extensions>cpp;c;cc;cxx;c++;cppm;ixx;def;odl;idl;hpj;bat;asm;asmx</Extensions>
    </Filter>
    <Filter Include="헤더 파일">
      <UniqueIdentifier>{93995380-89BD-4b04-88EB-625FBE52EBFB}</UniqueIdentifier>
      <Extensions>h;hh;hpp;hxx;h++;hm;inl;inc;ipp;xsd</Extensions>
    </Filter>
    <Filter Include="리소스 파일">
      <UniqueIdentifier>{67DA6AB6-F800-4c08-8B7A-83BB121AAD01}</UniqueIdentifier>
      <Extensions>rc;ico;cur;bmp;dlg;rc2;rct;bin;rgs;gif;jpg;jpeg;jpe;resx;tiff;tif;png;wav;mfcribbon-ms</Extensions>
    </Filter>
    <Filter Include="소스 파일\astar">
      <UniqueIdentifier>{86e0aa9c-6fea-49fe-bc96-624d6decb1cb}</UniqueIdentifier>
    </Filter>
    <Filter Include="소스 파일\bfsdfs">
      <UniqueIdentifier>{ce3978e1-2558-45a9-a9bb-4e672c481a24}</UniqueIdentifier>
    </Filter>
    <Filter Include="소스 파일\other">
      <UniqueIdentifier>{5e7aa242-9e16-4d94-a380-7b9bd54e5ac7}</UniqueIdentifier>
    </Filter>
    <Filter Include="소스 파일\queue">
      <UniqueIdentifier>{b419be71-4154-4e52-be63-20f26c4191e9}</UniqueIdentifier>
    </Filter>
    <Filter Include="소스 파일\string">
      <UniqueIdentifier>{3fc3319b-6fbd-4c23-b08a-c35a44af8953}</UniqueIdentifier>
    </Filter>
  </ItemGroup>
  <ItemGroup>
    <ClCompile Include="A_star\Astar.cpp">
      <Filter>소스 파일\astar</Filter>
    </ClCompile>
    <ClCompile Include="BFS_DFS\BFS.cpp">
      <Filter>소스 파일\bfsdfs</Filter>
    </ClCompile>
    <ClCompile Include="BFS_DFS\DFS.cpp">
      <Filter>소스 파일\bfsdfs</Filter>
    </ClCompile>
    <ClCompile Include="BFS_DFS\BFS2.cpp">
      <Filter>소스 파일\bfsdfs</Filter>
    </ClCompile>
    <ClCompile Include="BFS_DFS\baek1926.cpp">
      <Filter>소스 파일\bfsdfs</Filter>
    </ClCompile>
    <ClCompile Include="BFS_DFS\baek2178.cpp">
      <Filter>소스 파일\bfsdfs</Filter>
    </ClCompile>
    <ClCompile Include="BFS_DFS\baek7576.cpp">
      <Filter>소스 파일\bfsdfs</Filter>
    </ClCompile>
    <ClCompile Include="BFS_DFS\baek4179.cpp">
      <Filter>소스 파일\bfsdfs</Filter>
    </ClCompile>
    <ClCompile Include="BFS_DFS\baek1697.cpp">
      <Filter>소스 파일\bfsdfs</Filter>
    </ClCompile>
    <ClCompile Include="BFS_DFS\exercise.cpp">
      <Filter>소스 파일\bfsdfs</Filter>
    </ClCompile>
    <ClCompile Include="BFS_DFS\baek1012.cpp">
      <Filter>소스 파일\bfsdfs</Filter>
    </ClCompile>
    <ClCompile Include="other\baek1157.cpp">
      <Filter>소스 파일\other</Filter>
    </ClCompile>
    <ClCompile Include="BFS_DFS\baek7562.cpp">
      <Filter>소스 파일\bfsdfs</Filter>
    </ClCompile>
    <ClCompile Include="BFS_DFS\baek10026.cpp">
      <Filter>소스 파일\bfsdfs</Filter>
    </ClCompile>
    <ClCompile Include="BFS_DFS\baek5427.cpp">
      <Filter>소스 파일\bfsdfs</Filter>
    </ClCompile>
    <ClCompile Include="Queue\baek18258.cpp">
      <Filter>소스 파일\queue</Filter>
    </ClCompile>
    <ClCompile Include="BFS_DFS\baek7569.cpp">
      <Filter>소스 파일\bfsdfs</Filter>
    </ClCompile>
    <ClCompile Include="BFS_DFS\programmers_bfs_network.cpp">
      <Filter>소스 파일\bfsdfs</Filter>
    </ClCompile>
    <ClCompile Include="other\programmers_collatz.cpp">
      <Filter>소스 파일\other</Filter>
    </ClCompile>
    <ClCompile Include="other\programmers_integer_sort.cpp">
      <Filter>소스 파일\other</Filter>
    </ClCompile>
    <ClCompile Include="other\programmers_Kim.cpp">
      <Filter>소스 파일\other</Filter>
    </ClCompile>
    <ClCompile Include="other\programmers_hidePhone.cpp">
      <Filter>소스 파일\other</Filter>
    </ClCompile>
    <ClCompile Include="other\programmers_downstream_string.cpp">
      <Filter>소스 파일\other</Filter>
    </ClCompile>
    <ClCompile Include="string\programmers_basic_string.cpp">
      <Filter>소스 파일\string</Filter>
    </ClCompile>
    <ClCompile Include="other\programmers_matrix_sum.cpp">
      <Filter>소스 파일\other</Filter>
    </ClCompile>
    <ClCompile Include="string\programmers_JadenCase.cpp">
      <Filter>소스 파일\string</Filter>
    </ClCompile>
    <ClCompile Include="other\programmers_gcd_.cpp">
      <Filter>소스 파일\other</Filter>
    </ClCompile>
    <ClCompile Include="other\programmers_repeat_binary.cpp">
      <Filter>소스 파일\other</Filter>
    </ClCompile>
    <ClCompile Include="other\programmers_represent_num.cpp">
      <Filter>소스 파일\other</Filter>
    </ClCompile>
    <ClCompile Include="string\programmers_pair_removal.cpp">
      <Filter>소스 파일\string</Filter>
    </ClCompile>
    <ClCompile Include="other\programmers_english_Shiritori.cpp">
      <Filter>소스 파일\other</Filter>
    </ClCompile>
  </ItemGroup>
</Project>