
Microsoft Visual Studio Solution File, Format Version 12.00
# Visual Studio Version 17
VisualStudioVersion = 17.4.33205.214
MinimumVisualStudioVersion = 10.0.40219.1
Project("{8BC9CEB8-8B4A-11D0-8D11-00A0C91BC942}") = "BarkingDog", "BarkingDog.vcxproj", "{ECECC45C-63C0-4010-959F-F6013D6B57B9}"
EndProject
Global
	GlobalSection(SolutionConfigurationPlatforms) = preSolution
		Debug|x64 = Debug|x64
		Debug|x86 = Debug|x86
		Release|x64 = Release|x64
		Release|x86 = Release|x86
	EndGlobalSection
	GlobalSection(ProjectConfigurationPlatforms) = postSolution
		{ECECC45C-63C0-4010-959F-F6013D6B57B9}.Debug|x64.ActiveCfg = Debug|x64
		{ECECC45C-63C0-4010-959F-F6013D6B57B9}.Debug|x64.Build.0 = Debug|x64
		{ECECC45C-63C0-4010-959F-F6013D6B57B9}.Debug|x86.ActiveCfg = Debug|Win32
		{ECECC45C-63C0-4010-959F-F6013D6B57B9}.Debug|x86.Build.0 = Debug|Win32
		{ECECC45C-63C0-4010-959F-F6013D6B57B9}.Release|x64.ActiveCfg = Release|x64
		{ECECC45C-63C0-4010-959F-F6013D6B57B9}.Release|x64.Build.0 = Release|x64
		{ECECC45C-63C0-4010-959F-F6013D6B57B9}.Release|x86.ActiveCfg = Release|Win32
		{ECECC45C-63C0-4010-959F-F6013D6B57B9}.Release|x86.Build.0 = Release|Win32
	EndGlobalSection
	GlobalSection(SolutionProperties) = preSolution
		HideSolutionNode = FALSE
	EndGlobalSection
	GlobalSection(ExtensibilityGlobals) = postSolution
		SolutionGuid = {5832F071-1DD5-4FC1-83CD-4C4B1F474670}
	EndGlobalSection
EndGlobal
