<?xml version="1.0" encoding="utf-8"?>
<Project ToolsVersion="4.0" xmlns="http://schemas.microsoft.com/developer/msbuild/2003">
  <ItemGroup>
    <Filter Include="소스 파일">
      <UniqueIdentifier>{4FC737F1-C7A5-4376-A066-2A32D752A2FF}</UniqueIdentifier>
      <Extensions>cpp;c;cc;cxx;c++;cppm;ixx;def;odl;idl;hpj;bat;asm;asmx</Extensions>
    </Filter>
    <Filter Include="헤더 파일">
      <UniqueIdentifier>{93995380-89BD-4b04-88EB-625FBE52EBFB}</UniqueIdentifier>
      <Extensions>h;hh;hpp;hxx;h++;hm;inl;inc;ipp;xsd</Extensions>
    </Filter>
    <Filter Include="리소스 파일">
      <UniqueIdentifier>{67DA6AB6-F800-4c08-8B7A-83BB121AAD01}</UniqueIdentifier>
      <Extensions>rc;ico;cur;bmp;dlg;rc2;rct;bin;rgs;gif;jpg;jpeg;jpe;resx;tiff;tif;png;wav;mfcribbon-ms</Extensions>
    </Filter>
    <Filter Include="소스 파일\1">
      <UniqueIdentifier>{d395f122-7745-46d0-849c-c89f862ab1e3}</UniqueIdentifier>
    </Filter>
    <Filter Include="소스 파일\2">
      <UniqueIdentifier>{594a1027-59ed-4fba-ba81-5373c97c63c8}</UniqueIdentifier>
    </Filter>
    <Filter Include="소스 파일\3">
      <UniqueIdentifier>{eb11c3ba-ca20-4b10-a36b-898b7879218e}</UniqueIdentifier>
    </Filter>
    <Filter Include="소스 파일\4">
      <UniqueIdentifier>{5140dd5e-9e08-43dd-87df-24b2fc409433}</UniqueIdentifier>
    </Filter>
    <Filter Include="소스 파일\5">
      <UniqueIdentifier>{7e496ef0-62ce-46d4-8f7c-a774bbad800a}</UniqueIdentifier>
    </Filter>
    <Filter Include="소스 파일\6">
      <UniqueIdentifier>{99c82861-3487-42fd-89e5-047685e1e37e}</UniqueIdentifier>
    </Filter>
    <Filter Include="소스 파일\7">
      <UniqueIdentifier>{0f1a43e7-1c56-4d2f-b7bf-c02941a93257}</UniqueIdentifier>
    </Filter>
    <Filter Include="소스 파일\ex1">
      <UniqueIdentifier>{2023445a-dd82-4778-963f-4b89dce1ff46}</UniqueIdentifier>
    </Filter>
    <Filter Include="소스 파일\ex2">
      <UniqueIdentifier>{4f0718c6-d96f-4ff5-8aa8-54e480945186}</UniqueIdentifier>
    </Filter>
    <Filter Include="소스 파일\ex3">
      <UniqueIdentifier>{e0d4f546-717a-4775-a641-9e93bf23defc}</UniqueIdentifier>
    </Filter>
    <Filter Include="소스 파일\ex4">
      <UniqueIdentifier>{b598e268-33a2-46f5-b904-ff0d59896b70}</UniqueIdentifier>
    </Filter>
    <Filter Include="소스 파일\ex5">
      <UniqueIdentifier>{2539ef91-bc25-4323-9a44-b45ea9698726}</UniqueIdentifier>
    </Filter>
    <Filter Include="소스 파일\ex7">
      <UniqueIdentifier>{0d8a12db-cc9c-4a1b-b4b4-7bb844757ad1}</UniqueIdentifier>
    </Filter>
  </ItemGroup>
  <ItemGroup>
    <ClCompile Include="Lesson1\BinaryGap.cpp">
      <Filter>소스 파일\1</Filter>
    </ClCompile>
    <ClCompile Include="Lesson2\OddOccurrencesInArray.cpp">
      <Filter>소스 파일\2</Filter>
    </ClCompile>
    <ClCompile Include="Lesson3\FrogJmp.cpp">
      <Filter>소스 파일\3</Filter>
    </ClCompile>
    <ClCompile Include="Lesson3\TapeEquilibrium.cpp">
      <Filter>소스 파일\3</Filter>
    </ClCompile>
    <ClCompile Include="Lesson4\PermCheck.cpp">
      <Filter>소스 파일\4</Filter>
    </ClCompile>
    <ClCompile Include="Lesson4\MaxCounters.cpp">
      <Filter>소스 파일\4</Filter>
    </ClCompile>
    <ClCompile Include="Lesson4\MissingInteger.cpp">
      <Filter>소스 파일\4</Filter>
    </ClCompile>
    <ClCompile Include="Lesson5\PassingCars.cpp">
      <Filter>소스 파일\5</Filter>
    </ClCompile>
    <ClCompile Include="Lesson6\Distinct.cpp">
      <Filter>소스 파일\6</Filter>
    </ClCompile>
    <ClCompile Include="Lesson6\MaxProductOfThree.cpp">
      <Filter>소스 파일\6</Filter>
    </ClCompile>
    <ClCompile Include="Lesson6\Triangle.cpp">
      <Filter>소스 파일\6</Filter>
    </ClCompile>
    <ClCompile Include="Lesson7\Brackets.cpp">
      <Filter>소스 파일\7</Filter>
    </ClCompile>
    <ClCompile Include="Lesson6\NumberOfDiscIntersections.cpp">
      <Filter>소스 파일\6</Filter>
    </ClCompile>
    <ClCompile Include="Lesson5\countDiv.cpp">
      <Filter>소스 파일\5</Filter>
    </ClCompile>
    <ClCompile Include="Lesson5\GenomicRangeQuery.cpp">
      <Filter>소스 파일\5</Filter>
    </ClCompile>
    <ClCompile Include="Exercise1\2015contest1.cpp">
      <Filter>소스 파일\ex1</Filter>
    </ClCompile>
    <ClCompile Include="Exercise1\2015contest2.cpp">
      <Filter>소스 파일\ex1</Filter>
    </ClCompile>
    <ClCompile Include="Exercise1\2015contest3.cpp">
      <Filter>소스 파일\ex1</Filter>
    </ClCompile>
    <ClCompile Include="Exercise3\2017contest1.cpp">
      <Filter>소스 파일\ex3</Filter>
    </ClCompile>
    <ClCompile Include="Exercise4\algorithmicSkills4.cpp">
      <Filter>소스 파일\ex4</Filter>
    </ClCompile>
    <ClCompile Include="Exercise4\algorithmicSkills3.cpp">
      <Filter>소스 파일\ex4</Filter>
    </ClCompile>
    <ClCompile Include="Exercise4\algorithmicSkills2.cpp">
      <Filter>소스 파일\ex4</Filter>
    </ClCompile>
    <ClCompile Include="Exercise4\algorithmicSkills1.cpp">
      <Filter>소스 파일\ex4</Filter>
    </ClCompile>
    <ClCompile Include="Exercise5\CodingSkills1.cpp">
      <Filter>소스 파일\ex5</Filter>
    </ClCompile>
    <ClCompile Include="Exercise5\CodingSkills2.cpp">
      <Filter>소스 파일\ex5</Filter>
    </ClCompile>
    <ClCompile Include="Exercise7\DataStructures1.cpp">
      <Filter>소스 파일\ex7</Filter>
    </ClCompile>
    <ClCompile Include="Exercise2\2016contest1.cpp">
      <Filter>소스 파일\ex2</Filter>
    </ClCompile>
    <ClCompile Include="Exercise3\2017contest2.cpp">
      <Filter>소스 파일\ex3</Filter>
    </ClCompile>
  </ItemGroup>
</Project>