<?xml version="1.0" encoding="utf-8"?>
<Project ToolsVersion="4.0" xmlns="http://schemas.microsoft.com/developer/msbuild/2003">
  <ItemGroup>
    <Filter Include="소스 파일">
      <UniqueIdentifier>{4FC737F1-C7A5-4376-A066-2A32D752A2FF}</UniqueIdentifier>
      <Extensions>cpp;c;cc;cxx;c++;cppm;ixx;def;odl;idl;hpj;bat;asm;asmx</Extensions>
    </Filter>
    <Filter Include="헤더 파일">
      <UniqueIdentifier>{93995380-89BD-4b04-88EB-625FBE52EBFB}</UniqueIdentifier>
      <Extensions>h;hh;hpp;hxx;h++;hm;inl;inc;ipp;xsd</Extensions>
    </Filter>
    <Filter Include="리소스 파일">
      <UniqueIdentifier>{67DA6AB6-F800-4c08-8B7A-83BB121AAD01}</UniqueIdentifier>
      <Extensions>rc;ico;cur;bmp;dlg;rc2;rct;bin;rgs;gif;jpg;jpeg;jpe;resx;tiff;tif;png;wav;mfcribbon-ms</Extensions>
    </Filter>
    <Filter Include="소스 파일\DP">
      <UniqueIdentifier>{567bea3d-3784-4989-9a11-af8af43d06a2}</UniqueIdentifier>
    </Filter>
    <Filter Include="소스 파일\Greedy">
      <UniqueIdentifier>{96863f75-3ca6-4698-9e79-e32ffbcb868d}</UniqueIdentifier>
    </Filter>
    <Filter Include="소스 파일\Math">
      <UniqueIdentifier>{f34964f9-7eb6-425b-9443-6a95b900efb2}</UniqueIdentifier>
    </Filter>
    <Filter Include="소스 파일\BinarySearch">
      <UniqueIdentifier>{45c7961e-07e3-4f80-94a5-dc9e41964587}</UniqueIdentifier>
    </Filter>
    <Filter Include="소스 파일\twoPointer">
      <UniqueIdentifier>{107b4226-ee54-44f8-b1f2-bb3a52782fb7}</UniqueIdentifier>
    </Filter>
    <Filter Include="소스 파일\simulation">
      <UniqueIdentifier>{4ed8c2c8-1f6a-4f77-a52a-019f32f0c10a}</UniqueIdentifier>
    </Filter>
    <Filter Include="소스 파일\graph">
      <UniqueIdentifier>{47681322-f0e9-4ae0-b3e6-d82043fda43b}</UniqueIdentifier>
    </Filter>
    <Filter Include="소스 파일\tree">
      <UniqueIdentifier>{8351ac4c-1851-4874-8c40-23ece658629c}</UniqueIdentifier>
    </Filter>
    <Filter Include="소스 파일\hash">
      <UniqueIdentifier>{6214ab94-9c22-46ff-a7cf-fbc63ea044e1}</UniqueIdentifier>
    </Filter>
    <Filter Include="소스 파일\pq">
      <UniqueIdentifier>{8969fc69-7deb-4021-9121-af2b552ff148}</UniqueIdentifier>
    </Filter>
    <Filter Include="소스 파일\binarySearchTree">
      <UniqueIdentifier>{6572a0f5-b4b4-41ca-b469-b4e95b76121c}</UniqueIdentifier>
    </Filter>
    <Filter Include="소스 파일\bfs">
      <UniqueIdentifier>{b14d61f2-2cef-4d7e-a061-496cbe0e3f62}</UniqueIdentifier>
    </Filter>
    <Filter Include="소스 파일\DP\ex">
      <UniqueIdentifier>{55196a93-59f5-4583-9e43-e27dc93a0e54}</UniqueIdentifier>
    </Filter>
  </ItemGroup>
  <ItemGroup>
    <ClCompile Include="16DP\dp.cpp">
      <Filter>소스 파일\DP</Filter>
    </ClCompile>
    <ClCompile Include="16DP\baek1463.cpp">
      <Filter>소스 파일\DP</Filter>
    </ClCompile>
    <ClCompile Include="16DP\baek1463_DP.cpp">
      <Filter>소스 파일\DP</Filter>
    </ClCompile>
    <ClCompile Include="16DP\baek1149.cpp">
      <Filter>소스 파일\DP</Filter>
    </ClCompile>
    <ClCompile Include="16DP\baek2579.cpp">
      <Filter>소스 파일\DP</Filter>
    </ClCompile>
    <ClCompile Include="16DP\baek9095.cpp">
      <Filter>소스 파일\DP</Filter>
    </ClCompile>
    <ClCompile Include="16DP\baek11659.cpp">
      <Filter>소스 파일\DP</Filter>
    </ClCompile>
    <ClCompile Include="16DP\baek11726.cpp">
      <Filter>소스 파일\DP</Filter>
    </ClCompile>
    <ClCompile Include="16DP\baek2579_2.cpp">
      <Filter>소스 파일\DP</Filter>
    </ClCompile>
    <ClCompile Include="16DP\baek1003.cpp">
      <Filter>소스 파일\DP</Filter>
    </ClCompile>
    <ClCompile Include="16DP\baek12852.cpp">
      <Filter>소스 파일\DP</Filter>
    </ClCompile>
    <ClCompile Include="16DP\baek1932.cpp">
      <Filter>소스 파일\DP</Filter>
    </ClCompile>
    <ClCompile Include="16DP\baek2193.cpp">
      <Filter>소스 파일\DP</Filter>
    </ClCompile>
    <ClCompile Include="16DP\baek11727.cpp">
      <Filter>소스 파일\DP</Filter>
    </ClCompile>
    <ClCompile Include="16DP\baek1912.cpp">
      <Filter>소스 파일\DP</Filter>
    </ClCompile>
    <ClCompile Include="16DP\baek11055.cpp">
      <Filter>소스 파일\DP</Filter>
    </ClCompile>
    <ClCompile Include="16DP\baek9251.cpp">
      <Filter>소스 파일\DP</Filter>
    </ClCompile>
    <ClCompile Include="16DP\baek9465.cpp">
      <Filter>소스 파일\DP</Filter>
    </ClCompile>
    <ClCompile Include="16DP\baek11053.cpp">
      <Filter>소스 파일\DP</Filter>
    </ClCompile>
    <ClCompile Include="17Greedy\baek1026.cpp">
      <Filter>소스 파일\Greedy</Filter>
    </ClCompile>
    <ClCompile Include="17Greedy\baek1541.cpp">
      <Filter>소스 파일\Greedy</Filter>
    </ClCompile>
    <ClCompile Include="17Greedy\baek1744.cpp">
      <Filter>소스 파일\Greedy</Filter>
    </ClCompile>
    <ClCompile Include="17Greedy\baek1931.cpp">
      <Filter>소스 파일\Greedy</Filter>
    </ClCompile>
    <ClCompile Include="17Greedy\baek2170.cpp">
      <Filter>소스 파일\Greedy</Filter>
    </ClCompile>
    <ClCompile Include="17Greedy\baek2217.cpp">
      <Filter>소스 파일\Greedy</Filter>
    </ClCompile>
    <ClCompile Include="17Greedy\baek2457.cpp">
      <Filter>소스 파일\Greedy</Filter>
    </ClCompile>
    <ClCompile Include="17Greedy\baek11047.cpp">
      <Filter>소스 파일\Greedy</Filter>
    </ClCompile>
    <ClCompile Include="17Greedy\baek11399.cpp">
      <Filter>소스 파일\Greedy</Filter>
    </ClCompile>
    <ClCompile Include="17Greedy\baek11501.cpp">
      <Filter>소스 파일\Greedy</Filter>
    </ClCompile>
    <ClCompile Include="18Math\baek1929.cpp">
      <Filter>소스 파일\Math</Filter>
    </ClCompile>
    <ClCompile Include="18Math\baek1978.cpp">
      <Filter>소스 파일\Math</Filter>
    </ClCompile>
    <ClCompile Include="18Math\baek6064.cpp">
      <Filter>소스 파일\Math</Filter>
    </ClCompile>
    <ClCompile Include="18Math\baek11050.cpp">
      <Filter>소스 파일\Math</Filter>
    </ClCompile>
    <ClCompile Include="18Math\baek11051.cpp">
      <Filter>소스 파일\Math</Filter>
    </ClCompile>
    <ClCompile Include="18Math\baek11653.cpp">
      <Filter>소스 파일\Math</Filter>
    </ClCompile>
    <ClCompile Include="18Math\divisor.cpp">
      <Filter>소스 파일\Math</Filter>
    </ClCompile>
    <ClCompile Include="18Math\gcd.cpp">
      <Filter>소스 파일\Math</Filter>
    </ClCompile>
    <ClCompile Include="18Math\equation.cpp">
      <Filter>소스 파일\Math</Filter>
    </ClCompile>
    <ClCompile Include="18Math\baek15894.cpp">
      <Filter>소스 파일\Math</Filter>
    </ClCompile>
    <ClCompile Include="18Math\baek4796.cpp">
      <Filter>소스 파일\Math</Filter>
    </ClCompile>
    <ClCompile Include="18Math\baek2960.cpp">
      <Filter>소스 파일\Math</Filter>
    </ClCompile>
    <ClCompile Include="18Math\baek1193.cpp">
      <Filter>소스 파일\Math</Filter>
    </ClCompile>
    <ClCompile Include="18Math\baek1676.cpp">
      <Filter>소스 파일\Math</Filter>
    </ClCompile>
    <ClCompile Include="18Math\baek4948.cpp">
      <Filter>소스 파일\Math</Filter>
    </ClCompile>
    <ClCompile Include="18Math\baek9613.cpp">
      <Filter>소스 파일\Math</Filter>
    </ClCompile>
    <ClCompile Include="16DP\baek12865.cpp">
      <Filter>소스 파일\DP</Filter>
    </ClCompile>
    <ClCompile Include="19BinarySearch\baek1654.cpp">
      <Filter>소스 파일\BinarySearch</Filter>
    </ClCompile>
    <ClCompile Include="19BinarySearch\baek1822.cpp">
      <Filter>소스 파일\BinarySearch</Filter>
    </ClCompile>
    <ClCompile Include="19BinarySearch\baek1920.cpp">
      <Filter>소스 파일\BinarySearch</Filter>
    </ClCompile>
    <ClCompile Include="19BinarySearch\baek2295.cpp">
      <Filter>소스 파일\BinarySearch</Filter>
    </ClCompile>
    <ClCompile Include="19BinarySearch\baek2805.cpp">
      <Filter>소스 파일\BinarySearch</Filter>
    </ClCompile>
    <ClCompile Include="19BinarySearch\baek10815.cpp">
      <Filter>소스 파일\BinarySearch</Filter>
    </ClCompile>
    <ClCompile Include="19BinarySearch\baek10816.cpp">
      <Filter>소스 파일\BinarySearch</Filter>
    </ClCompile>
    <ClCompile Include="19BinarySearch\baek16401.cpp">
      <Filter>소스 파일\BinarySearch</Filter>
    </ClCompile>
    <ClCompile Include="19BinarySearch\baek18870.cpp">
      <Filter>소스 파일\BinarySearch</Filter>
    </ClCompile>
    <ClCompile Include="19BinarySearch\binarySearach.cpp">
      <Filter>소스 파일\BinarySearch</Filter>
    </ClCompile>
    <ClCompile Include="19BinarySearch\baek2467.cpp">
      <Filter>소스 파일\BinarySearch</Filter>
    </ClCompile>
    <ClCompile Include="19BinarySearch\baek3151.cpp">
      <Filter>소스 파일\BinarySearch</Filter>
    </ClCompile>
    <ClCompile Include="19BinarySearch\baek18869.cpp">
      <Filter>소스 파일\BinarySearch</Filter>
    </ClCompile>
    <ClCompile Include="20TwoPointer\baek1806.cpp">
      <Filter>소스 파일\twoPointer</Filter>
    </ClCompile>
    <ClCompile Include="20TwoPointer\baek2230.cpp">
      <Filter>소스 파일\twoPointer</Filter>
    </ClCompile>
    <ClCompile Include="20TwoPointer\baek2230_2.cpp">
      <Filter>소스 파일\twoPointer</Filter>
    </ClCompile>
    <ClCompile Include="20TwoPointer\baek2003.cpp">
      <Filter>소스 파일\twoPointer</Filter>
    </ClCompile>
    <ClCompile Include="20TwoPointer\baek1644.cpp">
      <Filter>소스 파일\twoPointer</Filter>
    </ClCompile>
    <ClCompile Include="20TwoPointer\baek13144.cpp">
      <Filter>소스 파일\twoPointer</Filter>
    </ClCompile>
    <ClCompile Include="13Simulation\baek15683.cpp">
      <Filter>소스 파일\simulation</Filter>
    </ClCompile>
    <ClCompile Include="23Graph\baek1260.cpp">
      <Filter>소스 파일\graph</Filter>
    </ClCompile>
    <ClCompile Include="23Graph\baek2606.cpp">
      <Filter>소스 파일\graph</Filter>
    </ClCompile>
    <ClCompile Include="23Graph\baek11724.cpp">
      <Filter>소스 파일\graph</Filter>
    </ClCompile>
    <ClCompile Include="23Graph\graph.cpp">
      <Filter>소스 파일\graph</Filter>
    </ClCompile>
    <ClCompile Include="23Graph\baek2660.cpp">
      <Filter>소스 파일\graph</Filter>
    </ClCompile>
    <ClCompile Include="23Graph\baek5567.cpp">
      <Filter>소스 파일\graph</Filter>
    </ClCompile>
    <ClCompile Include="23Graph\baek11403.cpp">
      <Filter>소스 파일\graph</Filter>
    </ClCompile>
    <ClCompile Include="24Tree\baek1240.cpp">
      <Filter>소스 파일\tree</Filter>
    </ClCompile>
    <ClCompile Include="24Tree\baek1991.cpp">
      <Filter>소스 파일\tree</Filter>
    </ClCompile>
    <ClCompile Include="24Tree\baek4803.cpp">
      <Filter>소스 파일\tree</Filter>
    </ClCompile>
    <ClCompile Include="24Tree\baek11725.cpp">
      <Filter>소스 파일\tree</Filter>
    </ClCompile>
    <ClCompile Include="24Tree\baek15681.cpp">
      <Filter>소스 파일\tree</Filter>
    </ClCompile>
    <ClCompile Include="24Tree\tree.cpp">
      <Filter>소스 파일\tree</Filter>
    </ClCompile>
    <ClCompile Include="24Tree\tree_2.cpp">
      <Filter>소스 파일\tree</Filter>
    </ClCompile>
    <ClCompile Include="23Graph\baek6118.cpp">
      <Filter>소스 파일\graph</Filter>
    </ClCompile>
    <ClCompile Include="16DP\baek1463_12852.cpp">
      <Filter>소스 파일\DP</Filter>
    </ClCompile>
    <ClCompile Include="21Hash\baek1620.cpp">
      <Filter>소스 파일\hash</Filter>
    </ClCompile>
    <ClCompile Include="21Hash\baek7785.cpp">
      <Filter>소스 파일\hash</Filter>
    </ClCompile>
    <ClCompile Include="21Hash\baek9375.cpp">
      <Filter>소스 파일\hash</Filter>
    </ClCompile>
    <ClCompile Include="21Hash\baek13414.cpp">
      <Filter>소스 파일\hash</Filter>
    </ClCompile>
    <ClCompile Include="21Hash\baek17219.cpp">
      <Filter>소스 파일\hash</Filter>
    </ClCompile>
    <ClCompile Include="21Hash\hash.cpp">
      <Filter>소스 파일\hash</Filter>
    </ClCompile>
    <ClCompile Include="21Hash\baek16165.cpp">
      <Filter>소스 파일\hash</Filter>
    </ClCompile>
    <ClCompile Include="22PriorityQueue\baek1715.cpp">
      <Filter>소스 파일\pq</Filter>
    </ClCompile>
    <ClCompile Include="22PriorityQueue\baek1927.cpp">
      <Filter>소스 파일\pq</Filter>
    </ClCompile>
    <ClCompile Include="22PriorityQueue\baek2075.cpp">
      <Filter>소스 파일\pq</Filter>
    </ClCompile>
    <ClCompile Include="22PriorityQueue\baek11286.cpp">
      <Filter>소스 파일\pq</Filter>
    </ClCompile>
    <ClCompile Include="22PriorityQueue\pq.cpp">
      <Filter>소스 파일\pq</Filter>
    </ClCompile>
    <ClCompile Include="22BinarySearchTree\baek1202.cpp">
      <Filter>소스 파일\binarySearchTree</Filter>
    </ClCompile>
    <ClCompile Include="22BinarySearchTree\baek7662.cpp">
      <Filter>소스 파일\binarySearchTree</Filter>
    </ClCompile>
    <ClCompile Include="22BinarySearchTree\bst.cpp">
      <Filter>소스 파일\binarySearchTree</Filter>
    </ClCompile>
    <ClCompile Include="22BinarySearchTree\lowerbound_test.cpp">
      <Filter>소스 파일\binarySearchTree</Filter>
    </ClCompile>
    <ClCompile Include="22BinarySearchTree\baek21939.cpp">
      <Filter>소스 파일\binarySearchTree</Filter>
    </ClCompile>
    <ClCompile Include="22BinarySearchTree\baek23326.cpp">
      <Filter>소스 파일\binarySearchTree</Filter>
    </ClCompile>
    <ClCompile Include="20TwoPointer\baek22862.cpp">
      <Filter>소스 파일\twoPointer</Filter>
    </ClCompile>
    <ClCompile Include="22PriorityQueue\baek13975.cpp">
      <Filter>소스 파일\pq</Filter>
    </ClCompile>
    <ClCompile Include="22PriorityQueue\baek1655.cpp">
      <Filter>소스 파일\pq</Filter>
    </ClCompile>
    <ClCompile Include="09BFS\baek1926.cpp">
      <Filter>소스 파일\bfs</Filter>
    </ClCompile>
    <ClCompile Include="09BFS\baek2178.cpp">
      <Filter>소스 파일\bfs</Filter>
    </ClCompile>
    <ClCompile Include="09BFS\baek7576.cpp">
      <Filter>소스 파일\bfs</Filter>
    </ClCompile>
    <ClCompile Include="09BFS\baek4179.cpp">
      <Filter>소스 파일\bfs</Filter>
    </ClCompile>
    <ClCompile Include="09BFS\baek1697.cpp">
      <Filter>소스 파일\bfs</Filter>
    </ClCompile>
    <ClCompile Include="09BFS\baek14502.cpp">
      <Filter>소스 파일\bfs</Filter>
    </ClCompile>
    <ClCompile Include="09BFS\baek16953.cpp">
      <Filter>소스 파일\bfs</Filter>
    </ClCompile>
    <ClCompile Include="09BFS\baek2206.cpp">
      <Filter>소스 파일\bfs</Filter>
    </ClCompile>
    <ClCompile Include="09BFS\baek2206_2.cpp">
      <Filter>소스 파일\bfs</Filter>
    </ClCompile>
    <ClCompile Include="16DP\ex\baek1464_2.cpp">
      <Filter>소스 파일\DP\ex</Filter>
    </ClCompile>
    <ClCompile Include="16DP\ex\baek9095_2.cpp">
      <Filter>소스 파일\DP\ex</Filter>
    </ClCompile>
    <ClCompile Include="16DP\ex\baek2579_2.cpp">
      <Filter>소스 파일\DP\ex</Filter>
    </ClCompile>
    <ClCompile Include="16DP\ex\baek2579_3.cpp">
      <Filter>소스 파일\DP\ex</Filter>
    </ClCompile>
    <ClCompile Include="16DP\ex\baek1149_2.cpp">
      <Filter>소스 파일\DP\ex</Filter>
    </ClCompile>
    <ClCompile Include="16DP\ex\baek11726_2.cpp">
      <Filter>소스 파일\DP\ex</Filter>
    </ClCompile>
    <ClCompile Include="16DP\ex\baek11659_2.cpp">
      <Filter>소스 파일\DP\ex</Filter>
    </ClCompile>
    <ClCompile Include="16DP\baek9461.cpp">
      <Filter>소스 파일\DP</Filter>
    </ClCompile>
    <ClCompile Include="16DP\baek14501.cpp">
      <Filter>소스 파일\DP</Filter>
    </ClCompile>
    <ClCompile Include="16DP\baek10844.cpp">
      <Filter>소스 파일\DP</Filter>
    </ClCompile>
    <ClCompile Include="24Tree\baek11725_2.cpp">
      <Filter>소스 파일\tree</Filter>
    </ClCompile>
    <ClCompile Include="24Tree\baek22856.cpp">
      <Filter>소스 파일\tree</Filter>
    </ClCompile>
    <ClCompile Include="24Tree\baek1068.cpp">
      <Filter>소스 파일\tree</Filter>
    </ClCompile>
    <ClCompile Include="24Tree\baek1068_2.cpp">
      <Filter>소스 파일\tree</Filter>
    </ClCompile>
    <ClCompile Include="16DP\baek1699.cpp">
      <Filter>소스 파일\DP</Filter>
    </ClCompile>
    <ClCompile Include="23Graph\baek1325.cpp">
      <Filter>소스 파일\graph</Filter>
    </ClCompile>
  </ItemGroup>
</Project>